
Microsoft Visual Studio Solution File, Format Version 12.00
# Visual Studio Version 17
VisualStudioVersion = 17.5.002.0
MinimumVisualStudioVersion = 10.0.40219.1
Project("{9A19103F-16F7-4668-BE54-9A1E7A4F7556}") = "Calculator", "Calculator.csproj", "{BBF79D03-3411-473E-A888-1DEABC20B0D2}"
EndProject
Global
	GlobalSection(SolutionConfigurationPlatforms) = preSolution
		Debug|Any CPU = Debug|Any CPU
		Release|Any CPU = Release|Any CPU
	EndGlobalSection
	GlobalSection(ProjectConfigurationPlatforms) = postSolution
		{BBF79D03-3411-473E-A888-1DEABC20B0D2}.Debug|Any CPU.ActiveCfg = Debug|Any CPU
		{BBF79D03-3411-473E-A888-1DEABC20B0D2}.Debug|Any CPU.Build.0 = Debug|Any CPU
		{BBF79D03-3411-473E-A888-1DEABC20B0D2}.Release|Any CPU.ActiveCfg = Release|Any CPU
		{BBF79D03-3411-473E-A888-1DEABC20B0D2}.Release|Any CPU.Build.0 = Release|Any CPU
	EndGlobalSection
	GlobalSection(SolutionProperties) = preSolution
		HideSolutionNode = FALSE
	EndGlobalSection
	GlobalSection(ExtensibilityGlobals) = postSolution
		SolutionGuid = {D0366A7C-AEAB-4CE9-B435-F5C624B03BDF}
	EndGlobalSection
EndGlobal
